<?xml version="1.0" encoding="utf-8"?>
<Project ToolsVersion="4.0" xmlns="http://schemas.microsoft.com/developer/msbuild/2003">
  <ItemGroup>
    <ClCompile Include="src\ofApp.cpp">
      <Filter>src</Filter>
    </ClCompile>
    <ClCompile Include="src\main.cpp">
      <Filter>src</Filter>
    </ClCompile>
    <ClCompile Include="src\common.cpp">
      <Filter>src</Filter>
    </ClCompile>
    <ClCompile Include="src\gui.cpp">
      <Filter>src</Filter>
    </ClCompile>
    <ClCompile Include="src\buttons.cpp">
      <Filter>src</Filter>
    </ClCompile>
    <ClCompile Include="src\userDraw.cpp">
      <Filter>src</Filter>
    </ClCompile>
  </ItemGroup>
  <ItemGroup>
    <Filter Include="src">
      <UniqueIdentifier>{d8376475-7454-4a24-b08a-aac121d3ad6f}</UniqueIdentifier>
    </Filter>
    <Filter Include="addons">
      <UniqueIdentifier>{c5a56a2c-2f91-407f-8c45-73b9f94978ee}</UniqueIdentifier>
    </Filter>
    <Filter Include="headers">
      <UniqueIdentifier>{5ddfd916-3c2d-4e20-9e2f-6167f0daa97d}</UniqueIdentifier>
    </Filter>
  </ItemGroup>
  <ItemGroup>
    <ResourceCompile Include="icon.rc" />
  </ItemGroup>
  <ItemGroup>
    <ClInclude Include="src\ofApp.h">
      <Filter>headers</Filter>
    </ClInclude>
    <ClInclude Include="src\common.h">
      <Filter>headers</Filter>
    </ClInclude>
    <ClInclude Include="src\gui.h">
      <Filter>headers</Filter>
    </ClInclude>
    <ClInclude Include="src\buttons.h">
      <Filter>headers</Filter>
    </ClInclude>
    <ClInclude Include="src\userDraw.h">
      <Filter>headers</Filter>
    </ClInclude>
  </ItemGroup>
</Project>